
Microsoft Visual Studio Solution File, Format Version 12.00
# Visual Studio Version 16
VisualStudioVersion = 16.0.31515.178
MinimumVisualStudioVersion = 10.0.40219.1
Project("{FAE04EC0-301F-11D3-BF4B-00C04F79EFBC}") = "6", "6\6.csproj", "{E26E6AC5-3638-4DF8-A1B6-6A41FE5FA194}"
EndProject
Global
	GlobalSection(SolutionConfigurationPlatforms) = preSolution
		Debug|Any CPU = Debug|Any CPU
		Release|Any CPU = Release|Any CPU
	EndGlobalSection
	GlobalSection(ProjectConfigurationPlatforms) = postSolution
		{E26E6AC5-3638-4DF8-A1B6-6A41FE5FA194}.Debug|Any CPU.ActiveCfg = Debug|Any CPU
		{E26E6AC5-3638-4DF8-A1B6-6A41FE5FA194}.Debug|Any CPU.Build.0 = Debug|Any CPU
		{E26E6AC5-3638-4DF8-A1B6-6A41FE5FA194}.Release|Any CPU.ActiveCfg = Release|Any CPU
		{E26E6AC5-3638-4DF8-A1B6-6A41FE5FA194}.Release|Any CPU.Build.0 = Release|Any CPU
	EndGlobalSection
	GlobalSection(SolutionProperties) = preSolution
		HideSolutionNode = FALSE
	EndGlobalSection
	GlobalSection(ExtensibilityGlobals) = postSolution
		SolutionGuid = {F1AAF402-1B47-4CD5-934F-7795A68D63D4}
	EndGlobalSection
EndGlobal
