
Microsoft Visual Studio Solution File, Format Version 12.00
# Visual Studio Version 16
VisualStudioVersion = 16.0.31515.178
MinimumVisualStudioVersion = 10.0.40219.1
Project("{FAE04EC0-301F-11D3-BF4B-00C04F79EFBC}") = "5", "5\5.csproj", "{0F70A8B1-5172-4721-9A51-F39C2088CEC1}"
EndProject
Global
	GlobalSection(SolutionConfigurationPlatforms) = preSolution
		Debug|Any CPU = Debug|Any CPU
		Release|Any CPU = Release|Any CPU
	EndGlobalSection
	GlobalSection(ProjectConfigurationPlatforms) = postSolution
		{0F70A8B1-5172-4721-9A51-F39C2088CEC1}.Debug|Any CPU.ActiveCfg = Debug|Any CPU
		{0F70A8B1-5172-4721-9A51-F39C2088CEC1}.Debug|Any CPU.Build.0 = Debug|Any CPU
		{0F70A8B1-5172-4721-9A51-F39C2088CEC1}.Release|Any CPU.ActiveCfg = Release|Any CPU
		{0F70A8B1-5172-4721-9A51-F39C2088CEC1}.Release|Any CPU.Build.0 = Release|Any CPU
	EndGlobalSection
	GlobalSection(SolutionProperties) = preSolution
		HideSolutionNode = FALSE
	EndGlobalSection
	GlobalSection(ExtensibilityGlobals) = postSolution
		SolutionGuid = {96D92816-1126-4A43-BA8F-A9155FC63468}
	EndGlobalSection
EndGlobal
